
Microsoft Visual Studio Solution File, Format Version 12.00
# Visual Studio Version 16
VisualStudioVersion = 16.0.29709.97
MinimumVisualStudioVersion = 10.0.40219.1
Project("{9A19103F-16F7-4668-BE54-9A1E7A4F7556}") = "WPFIntro", "WPFIntro\WPFIntro.csproj", "{83A3EFF8-7AC1-4589-B7EA-56CDDA4F431C}"
EndProject
Project("{9A19103F-16F7-4668-BE54-9A1E7A4F7556}") = "FirstNUnitTesting", "FirstNUnitTesting\FirstNUnitTesting.csproj", "{5AFD8C66-D728-42EC-8C57-C3FE17DEB4C4}"
EndProject
Project("{9A19103F-16F7-4668-BE54-9A1E7A4F7556}") = "CalculatorApp", "CalculatorApp\CalculatorApp.csproj", "{E7B84659-2575-4947-8C4D-8B0310AFE3BE}"
EndProject
Project("{9A19103F-16F7-4668-BE54-9A1E7A4F7556}") = "BasketballRosterNew", "BasketballRosterNew\BasketballRosterNew.csproj", "{F956454D-B4FA-4DFA-8F7F-126218222EF3}"
EndProject
Project("{9A19103F-16F7-4668-BE54-9A1E7A4F7556}") = "LogicalTreesInterface", "LogicalTreesInterface\LogicalTreesInterface.csproj", "{6743CCF2-C25E-4DD2-8FA2-81CEEB6BEB3A}"
EndProject
Project("{9A19103F-16F7-4668-BE54-9A1E7A4F7556}") = "AligmentOfButtons", "AligmentOfButtons\AligmentOfButtons.csproj", "{27BFD816-2C2A-416E-9F77-6066EFAE59FD}"
EndProject
Project("{9A19103F-16F7-4668-BE54-9A1E7A4F7556}") = "LayoutWithPanels", "LayoutWithPanels\LayoutWithPanels.csproj", "{6E71E88F-93C1-420E-8AF9-6310B1F7880E}"
EndProject
Project("{9A19103F-16F7-4668-BE54-9A1E7A4F7556}") = "GirdLayout", "GirdLayout\GirdLayout.csproj", "{3CF25A07-27F2-4121-A993-16484C1D93FB}"
EndProject
Project("{9A19103F-16F7-4668-BE54-9A1E7A4F7556}") = "VisualStudioAsPanel", "VisualStudioAsPanel\VisualStudioAsPanel.csproj", "{63704B7E-30DA-4DB9-8E55-690FCFEABD6B}"
EndProject
Project("{9A19103F-16F7-4668-BE54-9A1E7A4F7556}") = "SpinThePrizeWheel", "SpinThePrizeWheel\SpinThePrizeWheel.csproj", "{328FAE1E-858A-4BB6-BC12-A87205120299}"
EndProject
Project("{FAE04EC0-301F-11D3-BF4B-00C04F79EFBC}") = "SomeNewContentOnWindow", "SomeNewContentOnWindow\SomeNewContentOnWindow.csproj", "{25E19BAD-2293-4878-A6E5-C44E04163591}"
EndProject
Project("{FAE04EC0-301F-11D3-BF4B-00C04F79EFBC}") = "DataBinding", "DataBinding\DataBinding.csproj", "{F50901C0-C3EB-44A8-9B1F-B799A109060B}"
EndProject
Global
	GlobalSection(SolutionConfigurationPlatforms) = preSolution
		Debug|Any CPU = Debug|Any CPU
		Release|Any CPU = Release|Any CPU
	EndGlobalSection
	GlobalSection(ProjectConfigurationPlatforms) = postSolution
		{83A3EFF8-7AC1-4589-B7EA-56CDDA4F431C}.Debug|Any CPU.ActiveCfg = Debug|Any CPU
		{83A3EFF8-7AC1-4589-B7EA-56CDDA4F431C}.Debug|Any CPU.Build.0 = Debug|Any CPU
		{83A3EFF8-7AC1-4589-B7EA-56CDDA4F431C}.Release|Any CPU.ActiveCfg = Release|Any CPU
		{83A3EFF8-7AC1-4589-B7EA-56CDDA4F431C}.Release|Any CPU.Build.0 = Release|Any CPU
		{5AFD8C66-D728-42EC-8C57-C3FE17DEB4C4}.Debug|Any CPU.ActiveCfg = Debug|Any CPU
		{5AFD8C66-D728-42EC-8C57-C3FE17DEB4C4}.Debug|Any CPU.Build.0 = Debug|Any CPU
		{5AFD8C66-D728-42EC-8C57-C3FE17DEB4C4}.Release|Any CPU.ActiveCfg = Release|Any CPU
		{5AFD8C66-D728-42EC-8C57-C3FE17DEB4C4}.Release|Any CPU.Build.0 = Release|Any CPU
		{E7B84659-2575-4947-8C4D-8B0310AFE3BE}.Debug|Any CPU.ActiveCfg = Debug|Any CPU
		{E7B84659-2575-4947-8C4D-8B0310AFE3BE}.Debug|Any CPU.Build.0 = Debug|Any CPU
		{E7B84659-2575-4947-8C4D-8B0310AFE3BE}.Release|Any CPU.ActiveCfg = Release|Any CPU
		{E7B84659-2575-4947-8C4D-8B0310AFE3BE}.Release|Any CPU.Build.0 = Release|Any CPU
		{F956454D-B4FA-4DFA-8F7F-126218222EF3}.Debug|Any CPU.ActiveCfg = Debug|Any CPU
		{F956454D-B4FA-4DFA-8F7F-126218222EF3}.Debug|Any CPU.Build.0 = Debug|Any CPU
		{F956454D-B4FA-4DFA-8F7F-126218222EF3}.Release|Any CPU.ActiveCfg = Release|Any CPU
		{F956454D-B4FA-4DFA-8F7F-126218222EF3}.Release|Any CPU.Build.0 = Release|Any CPU
		{6743CCF2-C25E-4DD2-8FA2-81CEEB6BEB3A}.Debug|Any CPU.ActiveCfg = Debug|Any CPU
		{6743CCF2-C25E-4DD2-8FA2-81CEEB6BEB3A}.Debug|Any CPU.Build.0 = Debug|Any CPU
		{6743CCF2-C25E-4DD2-8FA2-81CEEB6BEB3A}.Release|Any CPU.ActiveCfg = Release|Any CPU
		{6743CCF2-C25E-4DD2-8FA2-81CEEB6BEB3A}.Release|Any CPU.Build.0 = Release|Any CPU
		{27BFD816-2C2A-416E-9F77-6066EFAE59FD}.Debug|Any CPU.ActiveCfg = Debug|Any CPU
		{27BFD816-2C2A-416E-9F77-6066EFAE59FD}.Debug|Any CPU.Build.0 = Debug|Any CPU
		{27BFD816-2C2A-416E-9F77-6066EFAE59FD}.Release|Any CPU.ActiveCfg = Release|Any CPU
		{27BFD816-2C2A-416E-9F77-6066EFAE59FD}.Release|Any CPU.Build.0 = Release|Any CPU
		{6E71E88F-93C1-420E-8AF9-6310B1F7880E}.Debug|Any CPU.ActiveCfg = Debug|Any CPU
		{6E71E88F-93C1-420E-8AF9-6310B1F7880E}.Debug|Any CPU.Build.0 = Debug|Any CPU
		{6E71E88F-93C1-420E-8AF9-6310B1F7880E}.Release|Any CPU.ActiveCfg = Release|Any CPU
		{6E71E88F-93C1-420E-8AF9-6310B1F7880E}.Release|Any CPU.Build.0 = Release|Any CPU
		{3CF25A07-27F2-4121-A993-16484C1D93FB}.Debug|Any CPU.ActiveCfg = Debug|Any CPU
		{3CF25A07-27F2-4121-A993-16484C1D93FB}.Debug|Any CPU.Build.0 = Debug|Any CPU
		{3CF25A07-27F2-4121-A993-16484C1D93FB}.Release|Any CPU.ActiveCfg = Release|Any CPU
		{3CF25A07-27F2-4121-A993-16484C1D93FB}.Release|Any CPU.Build.0 = Release|Any CPU
		{63704B7E-30DA-4DB9-8E55-690FCFEABD6B}.Debug|Any CPU.ActiveCfg = Debug|Any CPU
		{63704B7E-30DA-4DB9-8E55-690FCFEABD6B}.Debug|Any CPU.Build.0 = Debug|Any CPU
		{63704B7E-30DA-4DB9-8E55-690FCFEABD6B}.Release|Any CPU.ActiveCfg = Release|Any CPU
		{63704B7E-30DA-4DB9-8E55-690FCFEABD6B}.Release|Any CPU.Build.0 = Release|Any CPU
		{328FAE1E-858A-4BB6-BC12-A87205120299}.Debug|Any CPU.ActiveCfg = Debug|Any CPU
		{328FAE1E-858A-4BB6-BC12-A87205120299}.Debug|Any CPU.Build.0 = Debug|Any CPU
		{328FAE1E-858A-4BB6-BC12-A87205120299}.Release|Any CPU.ActiveCfg = Release|Any CPU
		{328FAE1E-858A-4BB6-BC12-A87205120299}.Release|Any CPU.Build.0 = Release|Any CPU
		{25E19BAD-2293-4878-A6E5-C44E04163591}.Debug|Any CPU.ActiveCfg = Debug|Any CPU
		{25E19BAD-2293-4878-A6E5-C44E04163591}.Debug|Any CPU.Build.0 = Debug|Any CPU
		{25E19BAD-2293-4878-A6E5-C44E04163591}.Release|Any CPU.ActiveCfg = Release|Any CPU
		{25E19BAD-2293-4878-A6E5-C44E04163591}.Release|Any CPU.Build.0 = Release|Any CPU
		{F50901C0-C3EB-44A8-9B1F-B799A109060B}.Debug|Any CPU.ActiveCfg = Debug|Any CPU
		{F50901C0-C3EB-44A8-9B1F-B799A109060B}.Debug|Any CPU.Build.0 = Debug|Any CPU
		{F50901C0-C3EB-44A8-9B1F-B799A109060B}.Release|Any CPU.ActiveCfg = Release|Any CPU
		{F50901C0-C3EB-44A8-9B1F-B799A109060B}.Release|Any CPU.Build.0 = Release|Any CPU
	EndGlobalSection
	GlobalSection(SolutionProperties) = preSolution
		HideSolutionNode = FALSE
	EndGlobalSection
	GlobalSection(ExtensibilityGlobals) = postSolution
		SolutionGuid = {95B0C434-D9C9-48BB-A630-225FC7A39E8D}
	EndGlobalSection
EndGlobal
